// !$*UTF8*$!
{
	archiveVersion = 1;
	classes = {
	};
	objectVersion = 50;
	objects = {

/* Begin PBXBuildFile section */
		B70C109E2521C679003FD97A /* kyubeApp.swift in Sources */ = {isa = PBXBuildFile; fileRef = B70C109D2521C679003FD97A /* kyubeApp.swift */; };
		B70C10A02521C679003FD97A /* ContentView.swift in Sources */ = {isa = PBXBuildFile; fileRef = B70C109F2521C679003FD97A /* ContentView.swift */; };
		B70C10A22521C67A003FD97A /* Assets.xcassets in Resources */ = {isa = PBXBuildFile; fileRef = B70C10A12521C67A003FD97A /* Assets.xcassets */; };
		B70C10A52521C67A003FD97A /* Preview Assets.xcassets in Resources */ = {isa = PBXBuildFile; fileRef = B70C10A42521C67A003FD97A /* Preview Assets.xcassets */; };
		B70C10B02521C67A003FD97A /* kyubeTests.swift in Sources */ = {isa = PBXBuildFile; fileRef = B70C10AF2521C67A003FD97A /* kyubeTests.swift */; };
		B70C10BB2521C67B003FD97A /* kyubeUITests.swift in Sources */ = {isa = PBXBuildFile; fileRef = B70C10BA2521C67B003FD97A /* kyubeUITests.swift */; };
/* End PBXBuildFile section */

/* Begin PBXContainerItemProxy section */
		B70C10AC2521C67A003FD97A /* PBXContainerItemProxy */ = {
			isa = PBXContainerItemProxy;
			containerPortal = B70C10922521C679003FD97A /* Project object */;
			proxyType = 1;
			remoteGlobalIDString = B70C10992521C679003FD97A;
			remoteInfo = kyube;
		};
		B70C10B72521C67A003FD97A /* PBXContainerItemProxy */ = {
			isa = PBXContainerItemProxy;
			containerPortal = B70C10922521C679003FD97A /* Project object */;
			proxyType = 1;
			remoteGlobalIDString = B70C10992521C679003FD97A;
			remoteInfo = kyube;
		};
/* End PBXContainerItemProxy section */

/* Begin PBXFileReference section */
		B70C109A2521C679003FD97A /* kyube.app */ = {isa = PBXFileReference; explicitFileType = wrapper.application; includeInIndex = 0; path = kyube.app; sourceTree = BUILT_PRODUCTS_DIR; };
		B70C109D2521C679003FD97A /* kyubeApp.swift */ = {isa = PBXFileReference; lastKnownFileType = sourcecode.swift; path = kyubeApp.swift; sourceTree = "<group>"; };
		B70C109F2521C679003FD97A /* ContentView.swift */ = {isa = PBXFileReference; lastKnownFileType = sourcecode.swift; path = ContentView.swift; sourceTree = "<group>"; };
		B70C10A12521C67A003FD97A /* Assets.xcassets */ = {isa = PBXFileReference; lastKnownFileType = folder.assetcatalog; path = Assets.xcassets; sourceTree = "<group>"; };
		B70C10A42521C67A003FD97A /* Preview Assets.xcassets */ = {isa = PBXFileReference; lastKnownFileType = folder.assetcatalog; path = "Preview Assets.xcassets"; sourceTree = "<group>"; };
		B70C10A62521C67A003FD97A /* Info.plist */ = {isa = PBXFileReference; lastKnownFileType = text.plist.xml; path = Info.plist; sourceTree = "<group>"; };
		B70C10AB2521C67A003FD97A /* kyubeTests.xctest */ = {isa = PBXFileReference; explicitFileType = wrapper.cfbundle; includeInIndex = 0; path = kyubeTests.xctest; sourceTree = BUILT_PRODUCTS_DIR; };
		B70C10AF2521C67A003FD97A /* kyubeTests.swift */ = {isa = PBXFileReference; lastKnownFileType = sourcecode.swift; path = kyubeTests.swift; sourceTree = "<group>"; };
		B70C10B12521C67A003FD97A /* Info.plist */ = {isa = PBXFileReference; lastKnownFileType = text.plist.xml; path = Info.plist; sourceTree = "<group>"; };
		B70C10B62521C67A003FD97A /* kyubeUITests.xctest */ = {isa = PBXFileReference; explicitFileType = wrapper.cfbundle; includeInIndex = 0; path = kyubeUITests.xctest; sourceTree = BUILT_PRODUCTS_DIR; };
		B70C10BA2521C67B003FD97A /* kyubeUITests.swift */ = {isa = PBXFileReference; lastKnownFileType = sourcecode.swift; path = kyubeUITests.swift; sourceTree = "<group>"; };
		B70C10BC2521C67B003FD97A /* Info.plist */ = {isa = PBXFileReference; lastKnownFileType = text.plist.xml; path = Info.plist; sourceTree = "<group>"; };
/* End PBXFileReference section */

/* Begin PBXFrameworksBuildPhase section */
		B70C10972521C679003FD97A /* Frameworks */ = {
			isa = PBXFrameworksBuildPhase;
			buildActionMask = 2147483647;
			files = (
			);
			runOnlyForDeploymentPostprocessing = 0;
		};
		B70C10A82521C67A003FD97A /* Frameworks */ = {
			isa = PBXFrameworksBuildPhase;
			buildActionMask = 2147483647;
			files = (
			);
			runOnlyForDeploymentPostprocessing = 0;
		};
		B70C10B32521C67A003FD97A /* Frameworks */ = {
			isa = PBXFrameworksBuildPhase;
			buildActionMask = 2147483647;
			files = (
			);
			runOnlyForDeploymentPostprocessing = 0;
		};
/* End PBXFrameworksBuildPhase section */

/* Begin PBXGroup section */
		B70C10912521C679003FD97A = {
			isa = PBXGroup;
			children = (
				B70C109C2521C679003FD97A /* kyube */,
				B70C10AE2521C67A003FD97A /* kyubeTests */,
				B70C10B92521C67B003FD97A /* kyubeUITests */,
				B70C109B2521C679003FD97A /* Products */,
			);
			sourceTree = "<group>";
		};
		B70C109B2521C679003FD97A /* Products */ = {
			isa = PBXGroup;
			children = (
				B70C109A2521C679003FD97A /* kyube.app */,
				B70C10AB2521C67A003FD97A /* kyubeTests.xctest */,
				B70C10B62521C67A003FD97A /* kyubeUITests.xctest */,
			);
			name = Products;
			sourceTree = "<group>";
		};
		B70C109C2521C679003FD97A /* kyube */ = {
			isa = PBXGroup;
			children = (
				B70C109D2521C679003FD97A /* kyubeApp.swift */,
				B70C109F2521C679003FD97A /* ContentView.swift */,
				B70C10A12521C67A003FD97A /* Assets.xcassets */,
				B70C10A62521C67A003FD97A /* Info.plist */,
				B70C10A32521C67A003FD97A /* Preview Content */,
			);
			path = kyube;
			sourceTree = "<group>";
		};
		B70C10A32521C67A003FD97A /* Preview Content */ = {
			isa = PBXGroup;
			children = (
				B70C10A42521C67A003FD97A /* Preview Assets.xcassets */,
			);
			path = "Preview Content";
			sourceTree = "<group>";
		};
		B70C10AE2521C67A003FD97A /* kyubeTests */ = {
			isa = PBXGroup;
			children = (
				B70C10AF2521C67A003FD97A /* kyubeTests.swift */,
				B70C10B12521C67A003FD97A /* Info.plist */,
			);
			path = kyubeTests;
			sourceTree = "<group>";
		};
		B70C10B92521C67B003FD97A /* kyubeUITests */ = {
			isa = PBXGroup;
			children = (
				B70C10BA2521C67B003FD97A /* kyubeUITests.swift */,
				B70C10BC2521C67B003FD97A /* Info.plist */,
			);
			path = kyubeUITests;
			sourceTree = "<group>";
		};
/* End PBXGroup section */

/* Begin PBXNativeTarget section */
		B70C10992521C679003FD97A /* kyube */ = {
			isa = PBXNativeTarget;
			buildConfigurationList = B70C10BF2521C67B003FD97A /* Build configuration list for PBXNativeTarget "kyube" */;
			buildPhases = (
				B70C10962521C679003FD97A /* Sources */,
				B70C10972521C679003FD97A /* Frameworks */,
				B70C10982521C679003FD97A /* Resources */,
			);
			buildRules = (
			);
			dependencies = (
			);
			name = kyube;
			productName = kyube;
			productReference = B70C109A2521C679003FD97A /* kyube.app */;
			productType = "com.apple.product-type.application";
		};
		B70C10AA2521C67A003FD97A /* kyubeTests */ = {
			isa = PBXNativeTarget;
			buildConfigurationList = B70C10C22521C67B003FD97A /* Build configuration list for PBXNativeTarget "kyubeTests" */;
			buildPhases = (
				B70C10A72521C67A003FD97A /* Sources */,
				B70C10A82521C67A003FD97A /* Frameworks */,
				B70C10A92521C67A003FD97A /* Resources */,
			);
			buildRules = (
			);
			dependencies = (
				B70C10AD2521C67A003FD97A /* PBXTargetDependency */,
			);
			name = kyubeTests;
			productName = kyubeTests;
			productReference = B70C10AB2521C67A003FD97A /* kyubeTests.xctest */;
			productType = "com.apple.product-type.bundle.unit-test";
		};
		B70C10B52521C67A003FD97A /* kyubeUITests */ = {
			isa = PBXNativeTarget;
			buildConfigurationList = B70C10C52521C67B003FD97A /* Build configuration list for PBXNativeTarget "kyubeUITests" */;
			buildPhases = (
				B70C10B22521C67A003FD97A /* Sources */,
				B70C10B32521C67A003FD97A /* Frameworks */,
				B70C10B42521C67A003FD97A /* Resources */,
			);
			buildRules = (
			);
			dependencies = (
				B70C10B82521C67A003FD97A /* PBXTargetDependency */,
			);
			name = kyubeUITests;
			productName = kyubeUITests;
			productReference = B70C10B62521C67A003FD97A /* kyubeUITests.xctest */;
			productType = "com.apple.product-type.bundle.ui-testing";
		};
/* End PBXNativeTarget section */

/* Begin PBXProject section */
		B70C10922521C679003FD97A /* Project object */ = {
			isa = PBXProject;
			attributes = {
				LastSwiftUpdateCheck = 1200;
				LastUpgradeCheck = 1200;
				TargetAttributes = {
					B70C10992521C679003FD97A = {
						CreatedOnToolsVersion = 12.0.1;
					};
					B70C10AA2521C67A003FD97A = {
						CreatedOnToolsVersion = 12.0.1;
						TestTargetID = B70C10992521C679003FD97A;
					};
					B70C10B52521C67A003FD97A = {
						CreatedOnToolsVersion = 12.0.1;
						TestTargetID = B70C10992521C679003FD97A;
					};
				};
			};
			buildConfigurationList = B70C10952521C679003FD97A /* Build configuration list for PBXProject "kyube" */;
			compatibilityVersion = "Xcode 9.3";
			developmentRegion = en;
			hasScannedForEncodings = 0;
			knownRegions = (
				en,
				Base,
			);
			mainGroup = B70C10912521C679003FD97A;
			productRefGroup = B70C109B2521C679003FD97A /* Products */;
			projectDirPath = "";
			projectRoot = "";
			targets = (
				B70C10992521C679003FD97A /* kyube */,
				B70C10AA2521C67A003FD97A /* kyubeTests */,
				B70C10B52521C67A003FD97A /* kyubeUITests */,
			);
		};
/* End PBXProject section */

/* Begin PBXResourcesBuildPhase section */
		B70C10982521C679003FD97A /* Resources */ = {
			isa = PBXResourcesBuildPhase;
			buildActionMask = 2147483647;
			files = (
				B70C10A52521C67A003FD97A /* Preview Assets.xcassets in Resources */,
				B70C10A22521C67A003FD97A /* Assets.xcassets in Resources */,
			);
			runOnlyForDeploymentPostprocessing = 0;
		};
		B70C10A92521C67A003FD97A /* Resources */ = {
			isa = PBXResourcesBuildPhase;
			buildActionMask = 2147483647;
			files = (
			);
			runOnlyForDeploymentPostprocessing = 0;
		};
		B70C10B42521C67A003FD97A /* Resources */ = {
			isa = PBXResourcesBuildPhase;
			buildActionMask = 2147483647;
			files = (
			);
			runOnlyForDeploymentPostprocessing = 0;
		};
/* End PBXResourcesBuildPhase section */

/* Begin PBXSourcesBuildPhase section */
		B70C10962521C679003FD97A /* Sources */ = {
			isa = PBXSourcesBuildPhase;
			buildActionMask = 2147483647;
			files = (
				B70C10A02521C679003FD97A /* ContentView.swift in Sources */,
				B70C109E2521C679003FD97A /* kyubeApp.swift in Sources */,
			);
			runOnlyForDeploymentPostprocessing = 0;
		};
		B70C10A72521C67A003FD97A /* Sources */ = {
			isa = PBXSourcesBuildPhase;
			buildActionMask = 2147483647;
			files = (
				B70C10B02521C67A003FD97A /* kyubeTests.swift in Sources */,
			);
			runOnlyForDeploymentPostprocessing = 0;
		};
		B70C10B22521C67A003FD97A /* Sources */ = {
			isa = PBXSourcesBuildPhase;
			buildActionMask = 2147483647;
			files = (
				B70C10BB2521C67B003FD97A /* kyubeUITests.swift in Sources */,
			);
			runOnlyForDeploymentPostprocessing = 0;
		};
/* End PBXSourcesBuildPhase section */

/* Begin PBXTargetDependency section */
		B70C10AD2521C67A003FD97A /* PBXTargetDependency */ = {
			isa = PBXTargetDependency;
			target = B70C10992521C679003FD97A /* kyube */;
			targetProxy = B70C10AC2521C67A003FD97A /* PBXContainerItemProxy */;
		};
		B70C10B82521C67A003FD97A /* PBXTargetDependency */ = {
			isa = PBXTargetDependency;
			target = B70C10992521C679003FD97A /* kyube */;
			targetProxy = B70C10B72521C67A003FD97A /* PBXContainerItemProxy */;
		};
/* End PBXTargetDependency section */

/* Begin XCBuildConfiguration section */
		B70C10BD2521C67B003FD97A /* Debug */ = {
			isa = XCBuildConfiguration;
			buildSettings = {
				ALWAYS_SEARCH_USER_PATHS = NO;
				CLANG_ANALYZER_NONNULL = YES;
				CLANG_ANALYZER_NUMBER_OBJECT_CONVERSION = YES_AGGRESSIVE;
				CLANG_CXX_LANGUAGE_STANDARD = "gnu++14";
				CLANG_CXX_LIBRARY = "libc++";
				CLANG_ENABLE_MODULES = YES;
				CLANG_ENABLE_OBJC_ARC = YES;
				CLANG_ENABLE_OBJC_WEAK = YES;
				CLANG_WARN_BLOCK_CAPTURE_AUTORELEASING = YES;
				CLANG_WARN_BOOL_CONVERSION = YES;
				CLANG_WARN_COMMA = YES;
				CLANG_WARN_CONSTANT_CONVERSION = YES;
				CLANG_WARN_DEPRECATED_OBJC_IMPLEMENTATIONS = YES;
				CLANG_WARN_DIRECT_OBJC_ISA_USAGE = YES_ERROR;
				CLANG_WARN_DOCUMENTATION_COMMENTS = YES;
				CLANG_WARN_EMPTY_BODY = YES;
				CLANG_WARN_ENUM_CONVERSION = YES;
				CLANG_WARN_INFINITE_RECURSION = YES;
				CLANG_WARN_INT_CONVERSION = YES;
				CLANG_WARN_NON_LITERAL_NULL_CONVERSION = YES;
				CLANG_WARN_OBJC_IMPLICIT_RETAIN_SELF = YES;
				CLANG_WARN_OBJC_LITERAL_CONVERSION = YES;
				CLANG_WARN_OBJC_ROOT_CLASS = YES_ERROR;
				CLANG_WARN_QUOTED_INCLUDE_IN_FRAMEWORK_HEADER = YES;
				CLANG_WARN_RANGE_LOOP_ANALYSIS = YES;
				CLANG_WARN_STRICT_PROTOTYPES = YES;
				CLANG_WARN_SUSPICIOUS_MOVE = YES;
				CLANG_WARN_UNGUARDED_AVAILABILITY = YES_AGGRESSIVE;
				CLANG_WARN_UNREACHABLE_CODE = YES;
				CLANG_WARN__DUPLICATE_METHOD_MATCH = YES;
				COPY_PHASE_STRIP = NO;
				DEBUG_INFORMATION_FORMAT = dwarf;
				ENABLE_STRICT_OBJC_MSGSEND = YES;
				ENABLE_TESTABILITY = YES;
				GCC_C_LANGUAGE_STANDARD = gnu11;
				GCC_DYNAMIC_NO_PIC = NO;
				GCC_NO_COMMON_BLOCKS = YES;
				GCC_OPTIMIZATION_LEVEL = 0;
				GCC_PREPROCESSOR_DEFINITIONS = (
					"DEBUG=1",
					"$(inherited)",
				);
				GCC_WARN_64_TO_32_BIT_CONVERSION = YES;
				GCC_WARN_ABOUT_RETURN_TYPE = YES_ERROR;
				GCC_WARN_UNDECLARED_SELECTOR = YES;
				GCC_WARN_UNINITIALIZED_AUTOS = YES_AGGRESSIVE;
				GCC_WARN_UNUSED_FUNCTION = YES;
				GCC_WARN_UNUSED_VARIABLE = YES;
				IPHONEOS_DEPLOYMENT_TARGET = 14.0;
				MTL_ENABLE_DEBUG_INFO = INCLUDE_SOURCE;
				MTL_FAST_MATH = YES;
				ONLY_ACTIVE_ARCH = YES;
				SDKROOT = iphoneos;
				SWIFT_ACTIVE_COMPILATION_CONDITIONS = DEBUG;
				SWIFT_OPTIMIZATION_LEVEL = "-Onone";
			};
			name = Debug;
		};
		B70C10BE2521C67B003FD97A /* Release */ = {
			isa = XCBuildConfiguration;
			buildSettings = {
				ALWAYS_SEARCH_USER_PATHS = NO;
				CLANG_ANALYZER_NONNULL = YES;
				CLANG_ANALYZER_NUMBER_OBJECT_CONVERSION = YES_AGGRESSIVE;
				CLANG_CXX_LANGUAGE_STANDARD = "gnu++14";
				CLANG_CXX_LIBRARY = "libc++";
				CLANG_ENABLE_MODULES = YES;
				CLANG_ENABLE_OBJC_ARC = YES;
				CLANG_ENABLE_OBJC_WEAK = YES;
				CLANG_WARN_BLOCK_CAPTURE_AUTORELEASING = YES;
				CLANG_WARN_BOOL_CONVERSION = YES;
				CLANG_WARN_COMMA = YES;
				CLANG_WARN_CONSTANT_CONVERSION = YES;
				CLANG_WARN_DEPRECATED_OBJC_IMPLEMENTATIONS = YES;
				CLANG_WARN_DIRECT_OBJC_ISA_USAGE = YES_ERROR;
				CLANG_WARN_DOCUMENTATION_COMMENTS = YES;
				CLANG_WARN_EMPTY_BODY = YES;
				CLANG_WARN_ENUM_CONVERSION = YES;
				CLANG_WARN_INFINITE_RECURSION = YES;
				CLANG_WARN_INT_CONVERSION = YES;
				CLANG_WARN_NON_LITERAL_NULL_CONVERSION = YES;
				CLANG_WARN_OBJC_IMPLICIT_RETAIN_SELF = YES;
				CLANG_WARN_OBJC_LITERAL_CONVERSION = YES;
				CLANG_WARN_OBJC_ROOT_CLASS = YES_ERROR;
				CLANG_WARN_QUOTED_INCLUDE_IN_FRAMEWORK_HEADER = YES;
				CLANG_WARN_RANGE_LOOP_ANALYSIS = YES;
				CLANG_WARN_STRICT_PROTOTYPES = YES;
				CLANG_WARN_SUSPICIOUS_MOVE = YES;
				CLANG_WARN_UNGUARDED_AVAILABILITY = YES_AGGRESSIVE;
				CLANG_WARN_UNREACHABLE_CODE = YES;
				CLANG_WARN__DUPLICATE_METHOD_MATCH = YES;
				COPY_PHASE_STRIP = NO;
				DEBUG_INFORMATION_FORMAT = "dwarf-with-dsym";
				ENABLE_NS_ASSERTIONS = NO;
				ENABLE_STRICT_OBJC_MSGSEND = YES;
				GCC_C_LANGUAGE_STANDARD = gnu11;
				GCC_NO_COMMON_BLOCKS = YES;
				GCC_WARN_64_TO_32_BIT_CONVERSION = YES;
				GCC_WARN_ABOUT_RETURN_TYPE = YES_ERROR;
				GCC_WARN_UNDECLARED_SELECTOR = YES;
				GCC_WARN_UNINITIALIZED_AUTOS = YES_AGGRESSIVE;
				GCC_WARN_UNUSED_FUNCTION = YES;
				GCC_WARN_UNUSED_VARIABLE = YES;
				IPHONEOS_DEPLOYMENT_TARGET = 14.0;
				MTL_ENABLE_DEBUG_INFO = NO;
				MTL_FAST_MATH = YES;
				SDKROOT = iphoneos;
				SWIFT_COMPILATION_MODE = wholemodule;
				SWIFT_OPTIMIZATION_LEVEL = "-O";
				VALIDATE_PRODUCT = YES;
			};
			name = Release;
		};
		B70C10C02521C67B003FD97A /* Debug */ = {
			isa = XCBuildConfiguration;
			buildSettings = {
				ASSETCATALOG_COMPILER_APPICON_NAME = AppIcon;
				ASSETCATALOG_COMPILER_GLOBAL_ACCENT_COLOR_NAME = AccentColor;
				CODE_SIGN_STYLE = Automatic;
				DEVELOPMENT_ASSET_PATHS = "\"kyube/Preview Content\"";
				ENABLE_PREVIEWS = YES;
				INFOPLIST_FILE = kyube/Info.plist;
				IPHONEOS_DEPLOYMENT_TARGET = 14.0;
				LD_RUNPATH_SEARCH_PATHS = (
					"$(inherited)",
					"@executable_path/Frameworks",
				);
				PRODUCT_BUNDLE_IDENTIFIER = eaty.kyube;
				PRODUCT_NAME = "$(TARGET_NAME)";
				SWIFT_VERSION = 5.0;
				TARGETED_DEVICE_FAMILY = "1,2";
			};
			name = Debug;
		};
		B70C10C12521C67B003FD97A /* Release */ = {
			isa = XCBuildConfiguration;
			buildSettings = {
				ASSETCATALOG_COMPILER_APPICON_NAME = AppIcon;
				ASSETCATALOG_COMPILER_GLOBAL_ACCENT_COLOR_NAME = AccentColor;
				CODE_SIGN_STYLE = Automatic;
				DEVELOPMENT_ASSET_PATHS = "\"kyube/Preview Content\"";
				ENABLE_PREVIEWS = YES;
				INFOPLIST_FILE = kyube/Info.plist;
				IPHONEOS_DEPLOYMENT_TARGET = 14.0;
				LD_RUNPATH_SEARCH_PATHS = (
					"$(inherited)",
					"@executable_path/Frameworks",
				);
				PRODUCT_BUNDLE_IDENTIFIER = eaty.kyube;
				PRODUCT_NAME = "$(TARGET_NAME)";
				SWIFT_VERSION = 5.0;
				TARGETED_DEVICE_FAMILY = "1,2";
			};
			name = Release;
		};
		B70C10C32521C67B003FD97A /* Debug */ = {
			isa = XCBuildConfiguration;
			buildSettings = {
				ALWAYS_EMBED_SWIFT_STANDARD_LIBRARIES = YES;
				BUNDLE_LOADER = "$(TEST_HOST)";
				CODE_SIGN_STYLE = Automatic;
				INFOPLIST_FILE = kyubeTests/Info.plist;
				IPHONEOS_DEPLOYMENT_TARGET = 14.0;
				LD_RUNPATH_SEARCH_PATHS = (
					"$(inherited)",
					"@executable_path/Frameworks",
					"@loader_path/Frameworks",
				);
				PRODUCT_BUNDLE_IDENTIFIER = eaty.kyubeTests;
				PRODUCT_NAME = "$(TARGET_NAME)";
				SWIFT_VERSION = 5.0;
				TARGETED_DEVICE_FAMILY = "1,2";
				TEST_HOST = "$(BUILT_PRODUCTS_DIR)/kyube.app/kyube";
			};
			name = Debug;
		};
		B70C10C42521C67B003FD97A /* Release */ = {
			isa = XCBuildConfiguration;
			buildSettings = {
				ALWAYS_EMBED_SWIFT_STANDARD_LIBRARIES = YES;
				BUNDLE_LOADER = "$(TEST_HOST)";
				CODE_SIGN_STYLE = Automatic;
				INFOPLIST_FILE = kyubeTests/Info.plist;
				IPHONEOS_DEPLOYMENT_TARGET = 14.0;
				LD_RUNPATH_SEARCH_PATHS = (
					"$(inherited)",
					"@executable_path/Frameworks",
					"@loader_path/Frameworks",
				);
				PRODUCT_BUNDLE_IDENTIFIER = eaty.kyubeTests;
				PRODUCT_NAME = "$(TARGET_NAME)";
				SWIFT_VERSION = 5.0;
				TARGETED_DEVICE_FAMILY = "1,2";
				TEST_HOST = "$(BUILT_PRODUCTS_DIR)/kyube.app/kyube";
			};
			name = Release;
		};
		B70C10C62521C67B003FD97A /* Debug */ = {
			isa = XCBuildConfiguration;
			buildSettings = {
				ALWAYS_EMBED_SWIFT_STANDARD_LIBRARIES = YES;
				CODE_SIGN_STYLE = Automatic;
				INFOPLIST_FILE = kyubeUITests/Info.plist;
				LD_RUNPATH_SEARCH_PATHS = (
					"$(inherited)",
					"@executable_path/Frameworks",
					"@loader_path/Frameworks",
				);
				PRODUCT_BUNDLE_IDENTIFIER = eaty.kyubeUITests;
				PRODUCT_NAME = "$(TARGET_NAME)";
				SWIFT_VERSION = 5.0;
				TARGETED_DEVICE_FAMILY = "1,2";
				TEST_TARGET_NAME = kyube;
			};
			name = Debug;
		};
		B70C10C72521C67B003FD97A /* Release */ = {
			isa = XCBuildConfiguration;
			buildSettings = {
				ALWAYS_EMBED_SWIFT_STANDARD_LIBRARIES = YES;
				CODE_SIGN_STYLE = Automatic;
				INFOPLIST_FILE = kyubeUITests/Info.plist;
				LD_RUNPATH_SEARCH_PATHS = (
					"$(inherited)",
					"@executable_path/Frameworks",
					"@loader_path/Frameworks",
				);
				PRODUCT_BUNDLE_IDENTIFIER = eaty.kyubeUITests;
				PRODUCT_NAME = "$(TARGET_NAME)";
				SWIFT_VERSION = 5.0;
				TARGETED_DEVICE_FAMILY = "1,2";
				TEST_TARGET_NAME = kyube;
			};
			name = Release;
		};
/* End XCBuildConfiguration section */

/* Begin XCConfigurationList section */
		B70C10952521C679003FD97A /* Build configuration list for PBXProject "kyube" */ = {
			isa = XCConfigurationList;
			buildConfigurations = (
				B70C10BD2521C67B003FD97A /* Debug */,
				B70C10BE2521C67B003FD97A /* Release */,
			);
			defaultConfigurationIsVisible = 0;
			defaultConfigurationName = Release;
		};
		B70C10BF2521C67B003FD97A /* Build configuration list for PBXNativeTarget "kyube" */ = {
			isa = XCConfigurationList;
			buildConfigurations = (
				B70C10C02521C67B003FD97A /* Debug */,
				B70C10C12521C67B003FD97A /* Release */,
			);
			defaultConfigurationIsVisible = 0;
			defaultConfigurationName = Release;
		};
		B70C10C22521C67B003FD97A /* Build configuration list for PBXNativeTarget "kyubeTests" */ = {
			isa = XCConfigurationList;
			buildConfigurations = (
				B70C10C32521C67B003FD97A /* Debug */,
				B70C10C42521C67B003FD97A /* Release */,
			);
			defaultConfigurationIsVisible = 0;
			defaultConfigurationName = Release;
		};
		B70C10C52521C67B003FD97A /* Build configuration list for PBXNativeTarget "kyubeUITests" */ = {
			isa = XCConfigurationList;
			buildConfigurations = (
				B70C10C62521C67B003FD97A /* Debug */,
				B70C10C72521C67B003FD97A /* Release */,
			);
			defaultConfigurationIsVisible = 0;
			defaultConfigurationName = Release;
		};
/* End XCConfigurationList section */
	};
	rootObject = B70C10922521C679003FD97A /* Project object */;
}
